github.com/LerianStudio/lib-observability/v3 v3.2.0 h1:p4QXA6fv5tOkJ+As8UhN3fkyAKBWdVde814vc48Y900=
github.com/LerianStudio/lib-observability/v3 v3.2.0/go.mod h1:3wiIk6QdAIgH8/ecYcs/HnmalktLMP0QbQzfvGzOaGI=
github.com/LerianStudio/midaz/v3 v3.7.5 h1:uyZ+avewF79GyY79U9MzN79MH4AaVMbFvTltXf0QGgQ=
github.com/LerianStudio/midaz/v3 v3.7.5/go.mod h1:e0fz8svqzuDC5EH2t3ATBchkJxD654B/LlYF8DDJGZM=
github.com/google/uuid v1.6.0 h1:NIvaJDMOsjHA8n1jAhLSgzrAzy1Hgr+hNrb57e+94F0=
github.com/google/uuid v1.6.0/go.mod h1:TIyPZe4MgqvfeYDBFedMoGGpEw/LqOeaOT+nhxU+yHo=
github.com/shopspring/decimal v1.4.0 h1:bxl37RwXBklmTi0C79JfXCEBD1cqqHt0bbgBAGFp81k=
github.com/shopspring/decimal v1.4.0/go.mod h1:gawqmDU56v4yIKSwfBSFip1HdCCXN8/+DMd9qYNcwME=
github.com/stretchr/testify v1.12.1 h1:EuwCh5fleGS7H32xRwO3wRGT7DxrDhLAT6FF8MpWDWE=
github.com/stretchr/testify v1.12.1/go.mod h1:MDEgiDPPsNp5cuIrHPPCyornHKgEVbtFUmoNlxoYthg=
go.yaml.in/yaml/v3 v3.0.5 h1:N6y/pJk8buWs9NY5ERU2HSMfm+IuD/OtfdAnq6kESPw=
go.yaml.in/yaml/v3 v3.0.5/go.mod h1:HVTZu1O7/Vkt2N+BFy8Zza+lnLsABggaTM2ZpNIGuKg=
